// !$*UTF8*$!
{
	archiveVersion = 1;
	classes = {
	};
	objectVersion = 56;
	objects = {

/* Begin PBXBuildFile section */
		C5EFFE7A29A7D7EB003D070A /* AppDelegate.swift in Sources */ = {isa = PBXBuildFile; fileRef = C5EFFE7929A7D7EB003D070A /* AppDelegate.swift */; };
		C5EFFE7C29A7D7EB003D070A /* SceneDelegate.swift in Sources */ = {isa = PBXBuildFile; fileRef = C5EFFE7B29A7D7EB003D070A /* SceneDelegate.swift */; };
		C5EFFE8329A7D7ED003D070A /* Assets.xcassets in Resources */ = {isa = PBXBuildFile; fileRef = C5EFFE8229A7D7ED003D070A /* Assets.xcassets */; };
		C5EFFE8629A7D7ED003D070A /* LaunchScreen.storyboard in Resources */ = {isa = PBXBuildFile; fileRef = C5EFFE8429A7D7ED003D070A /* LaunchScreen.storyboard */; };
		C5EFFE9329A7D8D1003D070A /* Router.swift in Sources */ = {isa = PBXBuildFile; fileRef = C5EFFE9229A7D8D1003D070A /* Router.swift */; };
		C5EFFE9529A7D8D9003D070A /* Presenter.swift in Sources */ = {isa = PBXBuildFile; fileRef = C5EFFE9429A7D8D9003D070A /* Presenter.swift */; };
		C5EFFE9729A7D901003D070A /* Entity.swift in Sources */ = {isa = PBXBuildFile; fileRef = C5EFFE9629A7D901003D070A /* Entity.swift */; };
		C5EFFE9929A7D908003D070A /* Interactor.swift in Sources */ = {isa = PBXBuildFile; fileRef = C5EFFE9829A7D908003D070A /* Interactor.swift */; };
		C5EFFE9B29A7EAB8003D070A /* TodoView.swift in Sources */ = {isa = PBXBuildFile; fileRef = C5EFFE9A29A7EAB8003D070A /* TodoView.swift */; };
		C5EFFE9F29A7F206003D070A /* TodoViewController.swift in Sources */ = {isa = PBXBuildFile; fileRef = C5EFFE9E29A7F206003D070A /* TodoViewController.swift */; };
		C5EFFEA129A7F335003D070A /* Main.storyboard in Resources */ = {isa = PBXBuildFile; fileRef = C5EFFEA029A7F335003D070A /* Main.storyboard */; };
/* End PBXBuildFile section */

/* Begin PBXFileReference section */
		C5EFFE7629A7D7EB003D070A /* VIPER_Design_Pattern_FakeJSON.app */ = {isa = PBXFileReference; explicitFileType = wrapper.application; includeInIndex = 0; path = VIPER_Design_Pattern_FakeJSON.app; sourceTree = BUILT_PRODUCTS_DIR; };
		C5EFFE7929A7D7EB003D070A /* AppDelegate.swift */ = {isa = PBXFileReference; lastKnownFileType = sourcecode.swift; path = AppDelegate.swift; sourceTree = "<group>"; };
		C5EFFE7B29A7D7EB003D070A /* SceneDelegate.swift */ = {isa = PBXFileReference; lastKnownFileType = sourcecode.swift; path = SceneDelegate.swift; sourceTree = "<group>"; };
		C5EFFE8229A7D7ED003D070A /* Assets.xcassets */ = {isa = PBXFileReference; lastKnownFileType = folder.assetcatalog; path = Assets.xcassets; sourceTree = "<group>"; };
		C5EFFE8529A7D7ED003D070A /* Base */ = {isa = PBXFileReference; lastKnownFileType = file.storyboard; name = Base; path = Base.lproj/LaunchScreen.storyboard; sourceTree = "<group>"; };
		C5EFFE8729A7D7ED003D070A /* Info.plist */ = {isa = PBXFileReference; lastKnownFileType = text.plist.xml; path = Info.plist; sourceTree = "<group>"; };
		C5EFFE9229A7D8D1003D070A /* Router.swift */ = {isa = PBXFileReference; lastKnownFileType = sourcecode.swift; path = Router.swift; sourceTree = "<group>"; };
		C5EFFE9429A7D8D9003D070A /* Presenter.swift */ = {isa = PBXFileReference; lastKnownFileType = sourcecode.swift; path = Presenter.swift; sourceTree = "<group>"; };
		C5EFFE9629A7D901003D070A /* Entity.swift */ = {isa = PBXFileReference; lastKnownFileType = sourcecode.swift; path = Entity.swift; sourceTree = "<group>"; };
		C5EFFE9829A7D908003D070A /* Interactor.swift */ = {isa = PBXFileReference; lastKnownFileType = sourcecode.swift; path = Interactor.swift; sourceTree = "<group>"; };
		C5EFFE9A29A7EAB8003D070A /* TodoView.swift */ = {isa = PBXFileReference; lastKnownFileType = sourcecode.swift; path = TodoView.swift; sourceTree = "<group>"; };
		C5EFFE9E29A7F206003D070A /* TodoViewController.swift */ = {isa = PBXFileReference; lastKnownFileType = sourcecode.swift; path = TodoViewController.swift; sourceTree = "<group>"; };
		C5EFFEA029A7F335003D070A /* Main.storyboard */ = {isa = PBXFileReference; lastKnownFileType = file.storyboard; path = Main.storyboard; sourceTree = "<group>"; };
/* End PBXFileReference section */

/* Begin PBXFrameworksBuildPhase section */
		C5EFFE7329A7D7EB003D070A /* Frameworks */ = {
			isa = PBXFrameworksBuildPhase;
			buildActionMask = 2147483647;
			files = (
			);
			runOnlyForDeploymentPostprocessing = 0;
		};
/* End PBXFrameworksBuildPhase section */

/* Begin PBXGroup section */
		C5EFFE6D29A7D7EB003D070A = {
			isa = PBXGroup;
			children = (
				C5EFFE7829A7D7EB003D070A /* VIPER_Design_Pattern_FakeJSON */,
				C5EFFE7729A7D7EB003D070A /* Products */,
			);
			sourceTree = "<group>";
		};
		C5EFFE7729A7D7EB003D070A /* Products */ = {
			isa = PBXGroup;
			children = (
				C5EFFE7629A7D7EB003D070A /* VIPER_Design_Pattern_FakeJSON.app */,
			);
			name = Products;
			sourceTree = "<group>";
		};
		C5EFFE7829A7D7EB003D070A /* VIPER_Design_Pattern_FakeJSON */ = {
			isa = PBXGroup;
			children = (
				C5EFFE9129A7D878003D070A /* Interactor */,
				C5EFFE9029A7D86F003D070A /* Entity */,
				C5EFFE8F29A7D869003D070A /* View */,
				C5EFFE8E29A7D863003D070A /* Presenter */,
				C5EFFE8D29A7D85D003D070A /* Router */,
				C5EFFE7929A7D7EB003D070A /* AppDelegate.swift */,
				C5EFFE9E29A7F206003D070A /* TodoViewController.swift */,
				C5EFFEA029A7F335003D070A /* Main.storyboard */,
				C5EFFE7B29A7D7EB003D070A /* SceneDelegate.swift */,
				C5EFFE8229A7D7ED003D070A /* Assets.xcassets */,
				C5EFFE8429A7D7ED003D070A /* LaunchScreen.storyboard */,
				C5EFFE8729A7D7ED003D070A /* Info.plist */,
			);
			path = VIPER_Design_Pattern_FakeJSON;
			sourceTree = "<group>";
		};
		C5EFFE8D29A7D85D003D070A /* Router */ = {
			isa = PBXGroup;
			children = (
				C5EFFE9229A7D8D1003D070A /* Router.swift */,
			);
			path = Router;
			sourceTree = "<group>";
		};
		C5EFFE8E29A7D863003D070A /* Presenter */ = {
			isa = PBXGroup;
			children = (
				C5EFFE9429A7D8D9003D070A /* Presenter.swift */,
			);
			path = Presenter;
			sourceTree = "<group>";
		};
		C5EFFE8F29A7D869003D070A /* View */ = {
			isa = PBXGroup;
			children = (
				C5EFFE9A29A7EAB8003D070A /* TodoView.swift */,
			);
			path = View;
			sourceTree = "<group>";
		};
		C5EFFE9029A7D86F003D070A /* Entity */ = {
			isa = PBXGroup;
			children = (
				C5EFFE9629A7D901003D070A /* Entity.swift */,
			);
			path = Entity;
			sourceTree = "<group>";
		};
		C5EFFE9129A7D878003D070A /* Interactor */ = {
			isa = PBXGroup;
			children = (
				C5EFFE9829A7D908003D070A /* Interactor.swift */,
			);
			path = Interactor;
			sourceTree = "<group>";
		};
/* End PBXGroup section */

/* Begin PBXNativeTarget section */
		C5EFFE7529A7D7EB003D070A /* VIPER_Design_Pattern_FakeJSON */ = {
			isa = PBXNativeTarget;
			buildConfigurationList = C5EFFE8A29A7D7ED003D070A /* Build configuration list for PBXNativeTarget "VIPER_Design_Pattern_FakeJSON" */;
			buildPhases = (
				C5EFFE7229A7D7EB003D070A /* Sources */,
				C5EFFE7329A7D7EB003D070A /* Frameworks */,
				C5EFFE7429A7D7EB003D070A /* Resources */,
			);
			buildRules = (
			);
			dependencies = (
			);
			name = VIPER_Design_Pattern_FakeJSON;
			productName = VIPER_Design_Pattern_FakeJSON;
			productReference = C5EFFE7629A7D7EB003D070A /* VIPER_Design_Pattern_FakeJSON.app */;
			productType = "com.apple.product-type.application";
		};
/* End PBXNativeTarget section */

/* Begin PBXProject section */
		C5EFFE6E29A7D7EB003D070A /* Project object */ = {
			isa = PBXProject;
			attributes = {
				BuildIndependentTargetsInParallel = 1;
				LastSwiftUpdateCheck = 1420;
				LastUpgradeCheck = 1420;
				TargetAttributes = {
					C5EFFE7529A7D7EB003D070A = {
						CreatedOnToolsVersion = 14.2;
					};
				};
			};
			buildConfigurationList = C5EFFE7129A7D7EB003D070A /* Build configuration list for PBXProject "VIPER_Design_Pattern_FakeJSON" */;
			compatibilityVersion = "Xcode 14.0";
			developmentRegion = en;
			hasScannedForEncodings = 0;
			knownRegions = (
				en,
				Base,
			);
			mainGroup = C5EFFE6D29A7D7EB003D070A;
			productRefGroup = C5EFFE7729A7D7EB003D070A /* Products */;
			projectDirPath = "";
			projectRoot = "";
			targets = (
				C5EFFE7529A7D7EB003D070A /* VIPER_Design_Pattern_FakeJSON */,
			);
		};
/* End PBXProject section */

/* Begin PBXResourcesBuildPhase section */
		C5EFFE7429A7D7EB003D070A /* Resources */ = {
			isa = PBXResourcesBuildPhase;
			buildActionMask = 2147483647;
			files = (
				C5EFFEA129A7F335003D070A /* Main.storyboard in Resources */,
				C5EFFE8629A7D7ED003D070A /* LaunchScreen.storyboard in Resources */,
				C5EFFE8329A7D7ED003D070A /* Assets.xcassets in Resources */,
			);
			runOnlyForDeploymentPostprocessing = 0;
		};
/* End PBXResourcesBuildPhase section */

/* Begin PBXSourcesBuildPhase section */
		C5EFFE7229A7D7EB003D070A /* Sources */ = {
			isa = PBXSourcesBuildPhase;
			buildActionMask = 2147483647;
			files = (
				C5EFFE9F29A7F206003D070A /* TodoViewController.swift in Sources */,
				C5EFFE9329A7D8D1003D070A /* Router.swift in Sources */,
				C5EFFE9B29A7EAB8003D070A /* TodoView.swift in Sources */,
				C5EFFE9729A7D901003D070A /* Entity.swift in Sources */,
				C5EFFE7A29A7D7EB003D070A /* AppDelegate.swift in Sources */,
				C5EFFE7C29A7D7EB003D070A /* SceneDelegate.swift in Sources */,
				C5EFFE9929A7D908003D070A /* Interactor.swift in Sources */,
				C5EFFE9529A7D8D9003D070A /* Presenter.swift in Sources */,
			);
			runOnlyForDeploymentPostprocessing = 0;
		};
/* End PBXSourcesBuildPhase section */

/* Begin PBXVariantGroup section */
		C5EFFE8429A7D7ED003D070A /* LaunchScreen.storyboard */ = {
			isa = PBXVariantGroup;
			children = (
				C5EFFE8529A7D7ED003D070A /* Base */,
			);
			name = LaunchScreen.storyboard;
			sourceTree = "<group>";
		};
/* End PBXVariantGroup section */

/* Begin XCBuildConfiguration section */
		C5EFFE8829A7D7ED003D070A /* Debug */ = {
			isa = XCBuildConfiguration;
			buildSettings = {
				ALWAYS_SEARCH_USER_PATHS = NO;
				CLANG_ANALYZER_NONNULL = YES;
				CLANG_ANALYZER_NUMBER_OBJECT_CONVERSION = YES_AGGRESSIVE;
				CLANG_CXX_LANGUAGE_STANDARD = "gnu++20";
				CLANG_ENABLE_MODULES = YES;
				CLANG_ENABLE_OBJC_ARC = YES;
				CLANG_ENABLE_OBJC_WEAK = YES;
				CLANG_WARN_BLOCK_CAPTURE_AUTORELEASING = YES;
				CLANG_WARN_BOOL_CONVERSION = YES;
				CLANG_WARN_COMMA = YES;
				CLANG_WARN_CONSTANT_CONVERSION = YES;
				CLANG_WARN_DEPRECATED_OBJC_IMPLEMENTATIONS = YES;
				CLANG_WARN_DIRECT_OBJC_ISA_USAGE = YES_ERROR;
				CLANG_WARN_DOCUMENTATION_COMMENTS = YES;
				CLANG_WARN_EMPTY_BODY = YES;
				CLANG_WARN_ENUM_CONVERSION = YES;
				CLANG_WARN_INFINITE_RECURSION = YES;
				CLANG_WARN_INT_CONVERSION = YES;
				CLANG_WARN_NON_LITERAL_NULL_CONVERSION = YES;
				CLANG_WARN_OBJC_IMPLICIT_RETAIN_SELF = YES;
				CLANG_WARN_OBJC_LITERAL_CONVERSION = YES;
				CLANG_WARN_OBJC_ROOT_CLASS = YES_ERROR;
				CLANG_WARN_QUOTED_INCLUDE_IN_FRAMEWORK_HEADER = YES;
				CLANG_WARN_RANGE_LOOP_ANALYSIS = YES;
				CLANG_WARN_STRICT_PROTOTYPES = YES;
				CLANG_WARN_SUSPICIOUS_MOVE = YES;
				CLANG_WARN_UNGUARDED_AVAILABILITY = YES_AGGRESSIVE;
				CLANG_WARN_UNREACHABLE_CODE = YES;
				CLANG_WARN__DUPLICATE_METHOD_MATCH = YES;
				COPY_PHASE_STRIP = NO;
				DEBUG_INFORMATION_FORMAT = dwarf;
				ENABLE_STRICT_OBJC_MSGSEND = YES;
				ENABLE_TESTABILITY = YES;
				GCC_C_LANGUAGE_STANDARD = gnu11;
				GCC_DYNAMIC_NO_PIC = NO;
				GCC_NO_COMMON_BLOCKS = YES;
				GCC_OPTIMIZATION_LEVEL = 0;
				GCC_PREPROCESSOR_DEFINITIONS = (
					"DEBUG=1",
					"$(inherited)",
				);
				GCC_WARN_64_TO_32_BIT_CONVERSION = YES;
				GCC_WARN_ABOUT_RETURN_TYPE = YES_ERROR;
				GCC_WARN_UNDECLARED_SELECTOR = YES;
				GCC_WARN_UNINITIALIZED_AUTOS = YES_AGGRESSIVE;
				GCC_WARN_UNUSED_FUNCTION = YES;
				GCC_WARN_UNUSED_VARIABLE = YES;
				IPHONEOS_DEPLOYMENT_TARGET = 16.2;
				MTL_ENABLE_DEBUG_INFO = INCLUDE_SOURCE;
				MTL_FAST_MATH = YES;
				ONLY_ACTIVE_ARCH = YES;
				SDKROOT = iphoneos;
				SWIFT_ACTIVE_COMPILATION_CONDITIONS = DEBUG;
				SWIFT_OPTIMIZATION_LEVEL = "-Onone";
			};
			name = Debug;
		};
		C5EFFE8929A7D7ED003D070A /* Release */ = {
			isa = XCBuildConfiguration;
			buildSettings = {
				ALWAYS_SEARCH_USER_PATHS = NO;
				CLANG_ANALYZER_NONNULL = YES;
				CLANG_ANALYZER_NUMBER_OBJECT_CONVERSION = YES_AGGRESSIVE;
				CLANG_CXX_LANGUAGE_STANDARD = "gnu++20";
				CLANG_ENABLE_MODULES = YES;
				CLANG_ENABLE_OBJC_ARC = YES;
				CLANG_ENABLE_OBJC_WEAK = YES;
				CLANG_WARN_BLOCK_CAPTURE_AUTORELEASING = YES;
				CLANG_WARN_BOOL_CONVERSION = YES;
				CLANG_WARN_COMMA = YES;
				CLANG_WARN_CONSTANT_CONVERSION = YES;
				CLANG_WARN_DEPRECATED_OBJC_IMPLEMENTATIONS = YES;
				CLANG_WARN_DIRECT_OBJC_ISA_USAGE = YES_ERROR;
				CLANG_WARN_DOCUMENTATION_COMMENTS = YES;
				CLANG_WARN_EMPTY_BODY = YES;
				CLANG_WARN_ENUM_CONVERSION = YES;
				CLANG_WARN_INFINITE_RECURSION = YES;
				CLANG_WARN_INT_CONVERSION = YES;
				CLANG_WARN_NON_LITERAL_NULL_CONVERSION = YES;
				CLANG_WARN_OBJC_IMPLICIT_RETAIN_SELF = YES;
				CLANG_WARN_OBJC_LITERAL_CONVERSION = YES;
				CLANG_WARN_OBJC_ROOT_CLASS = YES_ERROR;
				CLANG_WARN_QUOTED_INCLUDE_IN_FRAMEWORK_HEADER = YES;
				CLANG_WARN_RANGE_LOOP_ANALYSIS = YES;
				CLANG_WARN_STRICT_PROTOTYPES = YES;
				CLANG_WARN_SUSPICIOUS_MOVE = YES;
				CLANG_WARN_UNGUARDED_AVAILABILITY = YES_AGGRESSIVE;
				CLANG_WARN_UNREACHABLE_CODE = YES;
				CLANG_WARN__DUPLICATE_METHOD_MATCH = YES;
				COPY_PHASE_STRIP = NO;
				DEBUG_INFORMATION_FORMAT = "dwarf-with-dsym";
				ENABLE_NS_ASSERTIONS = NO;
				ENABLE_STRICT_OBJC_MSGSEND = YES;
				GCC_C_LANGUAGE_STANDARD = gnu11;
				GCC_NO_COMMON_BLOCKS = YES;
				GCC_WARN_64_TO_32_BIT_CONVERSION = YES;
				GCC_WARN_ABOUT_RETURN_TYPE = YES_ERROR;
				GCC_WARN_UNDECLARED_SELECTOR = YES;
				GCC_WARN_UNINITIALIZED_AUTOS = YES_AGGRESSIVE;
				GCC_WARN_UNUSED_FUNCTION = YES;
				GCC_WARN_UNUSED_VARIABLE = YES;
				IPHONEOS_DEPLOYMENT_TARGET = 16.2;
				MTL_ENABLE_DEBUG_INFO = NO;
				MTL_FAST_MATH = YES;
				SDKROOT = iphoneos;
				SWIFT_COMPILATION_MODE = wholemodule;
				SWIFT_OPTIMIZATION_LEVEL = "-O";
				VALIDATE_PRODUCT = YES;
			};
			name = Release;
		};
		C5EFFE8B29A7D7ED003D070A /* Debug */ = {
			isa = XCBuildConfiguration;
			buildSettings = {
				ASSETCATALOG_COMPILER_APPICON_NAME = AppIcon;
				ASSETCATALOG_COMPILER_GLOBAL_ACCENT_COLOR_NAME = AccentColor;
				CODE_SIGN_STYLE = Automatic;
				CURRENT_PROJECT_VERSION = 1;
				GENERATE_INFOPLIST_FILE = YES;
				INFOPLIST_FILE = VIPER_Design_Pattern_FakeJSON/Info.plist;
				INFOPLIST_KEY_UIApplicationSupportsIndirectInputEvents = YES;
				INFOPLIST_KEY_UILaunchStoryboardName = LaunchScreen;
				INFOPLIST_KEY_UIMainStoryboardFile = Main;
				INFOPLIST_KEY_UISupportedInterfaceOrientations_iPad = "UIInterfaceOrientationPortrait UIInterfaceOrientationPortraitUpsideDown UIInterfaceOrientationLandscapeLeft UIInterfaceOrientationLandscapeRight";
				INFOPLIST_KEY_UISupportedInterfaceOrientations_iPhone = "UIInterfaceOrientationPortrait UIInterfaceOrientationLandscapeLeft UIInterfaceOrientationLandscapeRight";
				LD_RUNPATH_SEARCH_PATHS = (
					"$(inherited)",
					"@executable_path/Frameworks",
				);
				MARKETING_VERSION = 1.0;
				PRODUCT_BUNDLE_IDENTIFIER = "com.example.VIPER-Design-Pattern-FakeJSON";
				PRODUCT_NAME = "$(TARGET_NAME)";
				SWIFT_EMIT_LOC_STRINGS = YES;
				SWIFT_VERSION = 5.0;
				TARGETED_DEVICE_FAMILY = "1,2";
			};
			name = Debug;
		};
		C5EFFE8C29A7D7ED003D070A /* Release */ = {
			isa = XCBuildConfiguration;
			buildSettings = {
				ASSETCATALOG_COMPILER_APPICON_NAME = AppIcon;
				ASSETCATALOG_COMPILER_GLOBAL_ACCENT_COLOR_NAME = AccentColor;
				CODE_SIGN_STYLE = Automatic;
				CURRENT_PROJECT_VERSION = 1;
				GENERATE_INFOPLIST_FILE = YES;
				INFOPLIST_FILE = VIPER_Design_Pattern_FakeJSON/Info.plist;
				INFOPLIST_KEY_UIApplicationSupportsIndirectInputEvents = YES;
				INFOPLIST_KEY_UILaunchStoryboardName = LaunchScreen;
				INFOPLIST_KEY_UIMainStoryboardFile = Main;
				INFOPLIST_KEY_UISupportedInterfaceOrientations_iPad = "UIInterfaceOrientationPortrait UIInterfaceOrientationPortraitUpsideDown UIInterfaceOrientationLandscapeLeft UIInterfaceOrientationLandscapeRight";
				INFOPLIST_KEY_UISupportedInterfaceOrientations_iPhone = "UIInterfaceOrientationPortrait UIInterfaceOrientationLandscapeLeft UIInterfaceOrientationLandscapeRight";
				LD_RUNPATH_SEARCH_PATHS = (
					"$(inherited)",
					"@executable_path/Frameworks",
				);
				MARKETING_VERSION = 1.0;
				PRODUCT_BUNDLE_IDENTIFIER = "com.example.VIPER-Design-Pattern-FakeJSON";
				PRODUCT_NAME = "$(TARGET_NAME)";
				SWIFT_EMIT_LOC_STRINGS = YES;
				SWIFT_VERSION = 5.0;
				TARGETED_DEVICE_FAMILY = "1,2";
			};
			name = Release;
		};
/* End XCBuildConfiguration section */

/* Begin XCConfigurationList section */
		C5EFFE7129A7D7EB003D070A /* Build configuration list for PBXProject "VIPER_Design_Pattern_FakeJSON" */ = {
			isa = XCConfigurationList;
			buildConfigurations = (
				C5EFFE8829A7D7ED003D070A /* Debug */,
				C5EFFE8929A7D7ED003D070A /* Release */,
			);
			defaultConfigurationIsVisible = 0;
			defaultConfigurationName = Release;
		};
		C5EFFE8A29A7D7ED003D070A /* Build configuration list for PBXNativeTarget "VIPER_Design_Pattern_FakeJSON" */ = {
			isa = XCConfigurationList;
			buildConfigurations = (
				C5EFFE8B29A7D7ED003D070A /* Debug */,
				C5EFFE8C29A7D7ED003D070A /* Release */,
			);
			defaultConfigurationIsVisible = 0;
			defaultConfigurationName = Release;
		};
/* End XCConfigurationList section */
	};
	rootObject = C5EFFE6E29A7D7EB003D070A /* Project object */;
}
